schema: '2.0'
stages:
  notebook_deckard:
    cmd: jupyter nbconvert --to notebook --execute --inplace deckard.ipynb
    deps:
    - path: ../../deckard/__main__.py
      hash: md5
      md5: 29094bdc655c41c1a05db24d99752ff0
      size: 12361
    - path: ../../deckard/experiment/
      hash: md5
      md5: d8dc208d91215aad89f5b4d5a328fed6.dir
      size: 410446
      nfiles: 17
    - path: ../../deckard/file.py
      hash: md5
      md5: 9be374f38e2282d5a3957376fdb8cbbb
      size: 14423
    - path: ../../deckard/utils.py
      hash: md5
      md5: 4eebf604187602eeaa69707e18caa6f8
      size: 58813
    - path: deckard.ipynb
      hash: md5
      md5: a47dd4620cca663e89222866b7a650e8
      size: 23166
  notebook_hydra:
    cmd: jupyter nbconvert --to notebook --execute --inplace hydra.ipynb
    deps:
    - path: ../../deckard/attack/
      hash: md5
      md5: 85bb29a75d75f7a55cfd2fab4c874169.dir
      size: 251762
      nfiles: 20
    - path: ../../deckard/data/
      hash: md5
      md5: 899a3354e417cec48f5c9ab3c24feccf.dir
      size: 352128
      nfiles: 35
    - path: ../../deckard/experiment/
      hash: md5
      md5: d8dc208d91215aad89f5b4d5a328fed6.dir
      size: 410446
      nfiles: 17
    - path: ../../deckard/file.py
      hash: md5
      md5: 9be374f38e2282d5a3957376fdb8cbbb
      size: 14423
    - path: ../../deckard/model/
      hash: md5
      md5: 94be881a8ce9d7184a022e8ef8d1c7cd.dir
      size: 447723
      nfiles: 45
    - path: ../../deckard/plot/
      hash: md5
      md5: 12c31b32f957fcb76bbe74ccba9c74ab.dir
      size: 76785
      nfiles: 16
    - path: ../../deckard/score/
      hash: md5
      md5: dbf51708bda5220015c36be2edec9792.dir
      size: 292823
      nfiles: 29
    - path: ../../deckard/utils.py
      hash: md5
      md5: 4eebf604187602eeaa69707e18caa6f8
      size: 58813
    - path: hydra.ipynb
      hash: md5
      md5: 9dca0925d295790585f180d2312d0efc
      size: 18784
  notebook_seaborn:
    cmd: jupyter nbconvert --to notebook --execute --inplace seaborn.ipynb
    deps:
    - path: ../../deckard/plot/
      hash: md5
      md5: 12c31b32f957fcb76bbe74ccba9c74ab.dir
      size: 76785
      nfiles: 16
    - path: ../../deckard/plugins/seaborn/
      hash: md5
      md5: 45cdf2f85ba03e2a62724c0da2b427e6.dir
      size: 24106
      nfiles: 4
    - path: seaborn.ipynb
      hash: md5
      md5: 7168543af207012aeabd72e20fea6d2f
      size: 254872
    outs:
    - path: ./build/seaborn/bar_bar_plot_from_make_blobs.png
      hash: md5
      md5: 7b572e30300ef727eaaef7ca6e37245f
      size: 15536
    - path: ./build/seaborn/cat_categorical_plot_from_make_moons.png
      hash: md5
      md5: b5174c25a0e782fcda27a8527cc4e5dd
      size: 14804
    - path: 
        ./build/seaborn/heatmap_heatmap_from_make_classification_correlations.png
      hash: md5
      md5: 955525f1608af072efb99ac27a0d5d6a
      size: 30485
    - path: ./build/seaborn/hist_histogram_plot_from_make_friedman1.png
      hash: md5
      md5: 8cddeabe1bdc5e251462440cabc97311
      size: 20462
    - path: ./build/seaborn/line_line_plot_from_make_regression.png
      hash: md5
      md5: 7bb2b9feee80f8502a9600c2c9ea3dac
      size: 38648
    - path: ./build/seaborn/scatter_scatter_plot_from_make_classification.png
      hash: md5
      md5: fda37e246386cc117f6e9a0bb9033fae
      size: 49824
  notebook_yellowbrick:
    cmd: jupyter nbconvert --to notebook --execute --inplace yellowbrick.ipynb
    deps:
    - path: ../../deckard/experiment/
      hash: md5
      md5: ca231b06b174f33929b6519a7167fa55.dir
      size: 412552
      nfiles: 17
    - path: ../../deckard/plot/
      hash: md5
      md5: 12c31b32f957fcb76bbe74ccba9c74ab.dir
      size: 76785
      nfiles: 16
    - path: ../../deckard/plugins/yellowbrick/
      hash: md5
      md5: 528f5f2681ef9135a85b6ed591c29c29.dir
      size: 101261
      nfiles: 4
    - path: yellowbrick.ipynb
      hash: md5
      md5: 897a2c46dc8338855a0533d85ad6d659
      size: 2513216
    outs:
    - path: ./build/yellowbrick/plots/all_types_balanced_binning_reference.png
      hash: md5
      md5: efd3e21fa12ae7e099a0223820f8ff14
      size: 20901
    - path: ./build/yellowbrick/plots/all_types_class_balance.png
      hash: md5
      md5: d71bb5b363133b9f1b04a4fdf000ae55
      size: 18971
    - path: ./build/yellowbrick/plots/all_types_class_prediction_error.png
      hash: md5
      md5: 64ca0b807fd3ba3f10643adefc284e48
      size: 24345
    - path: ./build/yellowbrick/plots/all_types_classification_report.png
      hash: md5
      md5: f197cec51a72981b8a23c13bafeab7bc
      size: 24625
    - path: ./build/yellowbrick/plots/all_types_cv_scores.png
      hash: md5
      md5: 125b65175935a679c88df5aae4631e73
      size: 22917
    - path: ./build/yellowbrick/plots/all_types_discrimination_threshold.png
      hash: md5
      md5: 69d7460ddee2cd9c3a7bab2230fe2fab
      size: 77008
    - path: ./build/yellowbrick/plots/all_types_dropping_curve.png
      hash: md5
      md5: 65c2a4429b47e433652dc92b244e4fab
      size: 57386
    - path: ./build/yellowbrick/plots/all_types_feature_correlation.png
      hash: md5
      md5: 5e6d60084435a2230cb4b926e6db999a
      size: 19848
    - path: ./build/yellowbrick/plots/all_types_feature_importances.png
      hash: md5
      md5: 3bb77d0859415915795c96c4f3f61e9c
      size: 21351
    - path: ./build/yellowbrick/plots/all_types_intercluster_distance.png
      hash: md5
      md5: e8f339ec29a1070eb92a92ca190884a9
      size: 65136
    - path: ./build/yellowbrick/plots/all_types_jointplot.png
      hash: md5
      md5: e250b8561a166f3c2f52bf94c5c23439
      size: 187488
    - path: ./build/yellowbrick/plots/all_types_k_elbow.png
      hash: md5
      md5: 3dd591dc12722b9f6594396939a6e928
      size: 61014
    - path: ./build/yellowbrick/plots/all_types_learning_curve.png
      hash: md5
      md5: 85ff36e4b8f7b3dcf1158be06329468d
      size: 61663
    - path: ./build/yellowbrick/plots/all_types_pca.png
      hash: md5
      md5: 2440dfe46c4ab7adfa99e01fe52dbd47
      size: 215596
    - path: ./build/yellowbrick/plots/all_types_pcoords.png
      hash: md5
      md5: 273cfd1b80fb22dcae2f9f4d51e842b8
      size: 262133
    - path: ./build/yellowbrick/plots/all_types_precision_recall_curve.png
      hash: md5
      md5: 98a52bd90b2ddbc0281c7f367d666690
      size: 31447
    - path: ./build/yellowbrick/plots/all_types_prediction_error.png
      hash: md5
      md5: 41da11b406ef820f93e93bdb87c1fc70
      size: 57230
    - path: ./build/yellowbrick/plots/all_types_radviz.png
      hash: md5
      md5: c577655607e1dc92d5d4e75ef2c40bae
      size: 44883
    - path: ./build/yellowbrick/plots/all_types_rank1d.png
      hash: md5
      md5: f25832b64f6fd61bab7817abe5ebc319
      size: 17521
    - path: ./build/yellowbrick/plots/all_types_rank2d.png
      hash: md5
      md5: 8590af38365eb52e8f90fe01edc3f780
      size: 29399
    - path: ./build/yellowbrick/plots/all_types_residuals_plot.png
      hash: md5
      md5: b82a5f56828dce7da6fb284974c91e6e
      size: 101160
    - path: ./build/yellowbrick/plots/all_types_rfecv.png
      hash: md5
      md5: 88046591193c0c4c09d1d09697ddd427
      size: 44919
    - path: ./build/yellowbrick/plots/all_types_roc_auc.png
      hash: md5
      md5: de3eb16a96929c374441405b7d99786c
      size: 50237
    - path: ./build/yellowbrick/plots/all_types_silhouette.png
      hash: md5
      md5: 1a7762042d143514a3c73f03403de0a8
      size: 47110
    - path: ./build/yellowbrick/plots/all_types_validation_curve.png
      hash: md5
      md5: a98acbabb53691de1331631be22fcbf7
      size: 34855
    - path: ./build/yellowbrick/plots/plotlist_demo/class_balance.png
      hash: md5
      md5: 4e8aaad8cd5c061f4c78279c20c125a0
      size: 15601
    - path: ./build/yellowbrick/plots/plotlist_demo/classification_report.png
      hash: md5
      md5: be568cd14bcf0057f6218f9961be4dcb
      size: 21278
    - path: ./build/yellowbrick/plots/plotlist_demo/precision_recall_curve.png
      hash: md5
      md5: 4cf071a5c268c34c5af770b84a77398c
      size: 28102
    - path: ./build/yellowbrick/plots/plotlist_demo/rank1d.png
      hash: md5
      md5: 27278b79e5983fe44c09192346057d0b
      size: 13853
    - path: ./build/yellowbrick/plots/plotlist_demo/roc_auc.png
      hash: md5
      md5: 3998ccdbbae17b3afdaa0d8ab9509521
      size: 46682
    - path: ./build/yellowbrick/plots/torch_classification_report.png
      hash: md5
      md5: 773c30215bf86bfa8c00dc25f5292e1f
      size: 22110
    - path: ./build/yellowbrick/plots/torch_precision_recall_curve.png
      hash: md5
      md5: 8313d543fd0322d7e9d2c787cb964803
      size: 25223
    - path: ./build/yellowbrick/plots/torch_roc_auc.png
      hash: md5
      md5: 2fb42dcc7aa86997e1eb9693fdeb3264
      size: 61684
  notebook_detector:
    cmd: jupyter nbconvert --to notebook --execute --inplace detector.ipynb
    deps:
    - path: ../../deckard/attack/
      hash: md5
      md5: 03d5684814f9295f94782dbb4b8e66a9.dir
      size: 256862
      nfiles: 20
    - path: ../../deckard/data/
      hash: md5
      md5: 613490c60eead0b79a81993f4e8201b3.dir
      size: 353500
      nfiles: 35
    - path: ../../deckard/file.py
      hash: md5
      md5: 96487a825dc8b4a0ca01f207c44725a6
      size: 15181
    - path: ../../deckard/model/
      hash: md5
      md5: 0dca6d32f4e5b2f8cf32d38bcbf581de.dir
      size: 472504
      nfiles: 45
    - path: ../../deckard/utils.py
      hash: md5
      md5: b4106c0a74092bde22cad86b73eea9e0
      size: 58932
    - path: detector.ipynb
      hash: md5
      md5: 9d70067397f256a537e333fc8d663323
      size: 78206
    outs:
    - path: ./build/detector/canonical_attack_examples.csv
      hash: md5
      md5: 5190a0906a246e6287b5697a033087bb
      size: 404
  notebook_art_attacks:
    cmd: jupyter nbconvert --to notebook --execute --inplace art_attacks.ipynb
    deps:
    - path: ../../deckard/attack/
      hash: md5
      md5: 85bb29a75d75f7a55cfd2fab4c874169.dir
      size: 251762
      nfiles: 20
    - path: ../../deckard/data/
      hash: md5
      md5: 899a3354e417cec48f5c9ab3c24feccf.dir
      size: 352128
      nfiles: 35
    - path: ../../deckard/file.py
      hash: md5
      md5: 9be374f38e2282d5a3957376fdb8cbbb
      size: 14423
    - path: ../../deckard/model/
      hash: md5
      md5: b5a5f676a3283774d470147303f2e26d.dir
      size: 447490
      nfiles: 45
    - path: ../../deckard/utils.py
      hash: md5
      md5: 4eebf604187602eeaa69707e18caa6f8
      size: 58813
    - path: art_attacks.ipynb
      hash: md5
      md5: d34043e448bcf1ffc05aefdb765c9295
      size: 216791
    outs:
    - path: ./build/art_attacks/boundary_evasion_attack_file.pkl
      hash: md5
      md5: 30413be00a7b4e4fcf0d25b870ffc247
      size: 5387
    - path: ./build/art_attacks/fgm_evasion_attack_file.pkl
      hash: md5
      md5: dd38e26d3853696064b5a5b06d50e26c
      size: 5694
    - path: ./build/art_attacks/hsj_evasion_attack_file.pkl
      hash: md5
      md5: 925737463b96f7293bca0e39d0c7d5e1
      size: 5308
    - path: ./build/art_attacks/membership_scores.csv
      hash: md5
      md5: 24daa20edb44fe790ced50797a2bb2a8
      size: 327
    - path: ./build/art_attacks/plot.png
      hash: md5
      md5: 386818da280371bf8ac70ec6b197f7a7
      size: 3065
    - path: ./build/art_attacks/sklearn_attribute_attack.pkl
      hash: md5
      md5: 3d39255da677e1e3b621604a50143ffa
      size: 5057
    - path: ./build/art_attacks/sklearn_data.pkl
      hash: md5
      md5: dfa9792f1d4f9dbdf0d447c15778d40d
      size: 43792
    - path: ./build/art_attacks/sklearn_membership_attack.pkl
      hash: md5
      md5: 658354ff43b36a0578e0ca0cc4a9c69c
      size: 5127
    - path: ./build/art_attacks/sklearn_model.pkl
      hash: md5
      md5: 6bf1e24b080d62d451c9d0a48a1f6cf6
      size: 8649
    - path: ./build/art_attacks/sklearn_scores.csv
      hash: md5
      md5: 160cd8ca957bba860c0a2c7f7ccb67fa
      size: 268
    - path: ./build/art_attacks/svm.pkl
      hash: md5
      md5: c56bdf20e2ab2b5981dfcc7a57bb6803
      size: 13965
    - path: ./build/art_attacks/torch_evasion_attack.pkl
      hash: md5
      md5: af66f186d9f2f20149d7087cee5e7546
      size: 5213
    - path: ./build/art_attacks/torch_extraction_model.pkl
      hash: md5
      md5: e8ad1bc3a81736e8b0d4b467e2ac7dac
      size: 44790192
    - path: ./build/art_attacks/torch_model.pkl
      hash: md5
      md5: a5b8e192d06b1ede75587f8303f5fe77
      size: 2254
    - path: ./build/art_attacks/torch_scores.csv
      hash: md5
      md5: 33a752d5e4f7cd0ca8e08c5b5ca50205
      size: 507
  notebook_art_defenses:
    cmd: jupyter nbconvert --to notebook --execute --inplace art_defenses.ipynb
    deps:
    - path: ../../deckard/attack/
      hash: md5
      md5: 85bb29a75d75f7a55cfd2fab4c874169.dir
      size: 251762
      nfiles: 20
    - path: ../../deckard/data/
      hash: md5
      md5: 899a3354e417cec48f5c9ab3c24feccf.dir
      size: 352128
      nfiles: 35
    - path: ../../deckard/file.py
      hash: md5
      md5: 9be374f38e2282d5a3957376fdb8cbbb
      size: 14423
    - path: ../../deckard/model/
      hash: md5
      md5: 94be881a8ce9d7184a022e8ef8d1c7cd.dir
      size: 447723
      nfiles: 45
    - path: ../../deckard/utils.py
      hash: md5
      md5: 4eebf604187602eeaa69707e18caa6f8
      size: 58813
    - path: art_defenses.ipynb
      hash: md5
      md5: 4c91bfa8166ad69187e110a502596d28
      size: 174643
    outs:
    - path: ./build/art_defenses/defense_chain_order.csv
      hash: md5
      md5: 69815272d5b01600d4d3daebbea1bce4
      size: 327
    - path: ./build/art_defenses/defense_chain_result.csv
      hash: md5
      md5: e15efbc42cabae9a6fbb65bd1243190c
      size: 355
    - path: ./build/art_defenses/sklearn_defense_results.csv
      hash: md5
      md5: 9d1dfd128c896bdee21270a7a2c122f1
      size: 781
    - path: ./build/art_defenses/torch_defense_results.csv
      hash: md5
      md5: 23fb9e88fbe878a3603831471095b09f
      size: 765
  notebook_sklearn:
    cmd: jupyter nbconvert --to notebook --execute --inplace sklearn.ipynb
    deps:
    - path: ../../deckard/attack/
      hash: md5
      md5: 85bb29a75d75f7a55cfd2fab4c874169.dir
      size: 251762
      nfiles: 20
    - path: ../../deckard/data/
      hash: md5
      md5: 899a3354e417cec48f5c9ab3c24feccf.dir
      size: 352128
      nfiles: 35
    - path: ../../deckard/detector/
      hash: md5
      md5: 65705131da902d521eb26f7a4ff1bcf3.dir
      size: 64881
      nfiles: 8
    - path: ../../deckard/experiment/
      hash: md5
      md5: d8dc208d91215aad89f5b4d5a328fed6.dir
      size: 410446
      nfiles: 17
    - path: ../../deckard/file.py
      hash: md5
      md5: 9be374f38e2282d5a3957376fdb8cbbb
      size: 14423
    - path: ../../deckard/model/
      hash: md5
      md5: 94be881a8ce9d7184a022e8ef8d1c7cd.dir
      size: 447723
      nfiles: 45
    - path: ../../deckard/plot/
      hash: md5
      md5: 12c31b32f957fcb76bbe74ccba9c74ab.dir
      size: 76785
      nfiles: 16
    - path: ../../deckard/score/
      hash: md5
      md5: dbf51708bda5220015c36be2edec9792.dir
      size: 292823
      nfiles: 29
    - path: ../../deckard/utils.py
      hash: md5
      md5: 4eebf604187602eeaa69707e18caa6f8
      size: 58813
    - path: sklearn.ipynb
      hash: md5
      md5: 8467b8335e8e5066ef948ecae50637bd
      size: 256338
    outs:
    - path: ./build/sklearn/experiment_data_lr.pkl
      hash: md5
      md5: b984e9911b139a4f6d0da8525dc0df1e
      size: 69336
    - path: ./build/sklearn/experiment_model_lr.pkl
      hash: md5
      md5: 238f19bb86586c269ccfa21bdd9e77ae
      size: 10879
    - path: ./build/sklearn/experiment_scores_lr.json
      hash: md5
      md5: 4ad7c42273512f62315fb380284dab81
      size: 12579
    - path: ./build/sklearn/plots/seaborn_line.png
      hash: md5
      md5: fb989d379cca9046b4ba9ec7c79f5ff3
      size: 63839
    - path: ./build/sklearn/plots/seaborn_scatter.png
      hash: md5
      md5: 70f4ba3093fe956b9568399a6b84c6ca
      size: 82661
    - path: ./build/sklearn/plots/yellowbrick_roc_auc.png
      hash: md5
      md5: 72e0e88c81b938429d11842a0cd08730
      size: 44887
    - path: ./build/sklearn/seaborn_results.csv
      hash: md5
      md5: 4c0095f2a4b304f0a7db829e87ba31b6
      size: 266
  notebook_pytorch:
    cmd: jupyter nbconvert --to notebook --execute --inplace pytorch.ipynb
    deps:
    - path: ../../deckard/attack/
      hash: md5
      md5: 85bb29a75d75f7a55cfd2fab4c874169.dir
      size: 251762
      nfiles: 20
    - path: ../../deckard/data/
      hash: md5
      md5: 899a3354e417cec48f5c9ab3c24feccf.dir
      size: 352128
      nfiles: 35
    - path: ../../deckard/experiment/
      hash: md5
      md5: d8dc208d91215aad89f5b4d5a328fed6.dir
      size: 410446
      nfiles: 17
    - path: ../../deckard/file.py
      hash: md5
      md5: 9be374f38e2282d5a3957376fdb8cbbb
      size: 14423
    - path: ../../deckard/model/
      hash: md5
      md5: 94be881a8ce9d7184a022e8ef8d1c7cd.dir
      size: 447723
      nfiles: 45
    - path: ../../deckard/plot/
      hash: md5
      md5: 12c31b32f957fcb76bbe74ccba9c74ab.dir
      size: 76785
      nfiles: 16
    - path: ../../deckard/score/
      hash: md5
      md5: dbf51708bda5220015c36be2edec9792.dir
      size: 292823
      nfiles: 29
    - path: ../../deckard/utils.py
      hash: md5
      md5: 4eebf604187602eeaa69707e18caa6f8
      size: 58813
    - path: pytorch.ipynb
      hash: md5
      md5: 537e2c0cffa8fa276d92854ad840dcda
      size: 1589651
    outs:
    - path: ./build/pytorch/checkpoints/
      hash: md5
      md5: 73734485e4db06b7c7c8d0fcb896804c.dir
      size: 519998
      nfiles: 8
    - path: ./build/pytorch/exp_model.pkl
      hash: md5
      md5: b400c0899e7647586d2675b38e0d953a
      size: 84209
    - path: ./build/pytorch/plots/pytorch_line.png
      hash: md5
      md5: 3eb34bc77c2997b674a97d1e50476c92
      size: 59991
    - path: ./build/pytorch/plots/pytorch_roc_auc.png
      hash: md5
      md5: abf83f14d6ed36ab2bc02d8ee49666f2
      size: 40325
    - path: ./build/pytorch/plots/pytorch_scatter.png
      hash: md5
      md5: b43ee57a0a43cedefeef3ed4fc2c262b
      size: 74274
    - path: ./build/pytorch/pytorch_results.csv
      hash: md5
      md5: d5e298396f9db3385bb9b922a74d58aa
      size: 220
    - path: ./build/pytorch/raw_data/
      hash: md5
      md5: ab3353d41bd7a24a20a31f29b64e3b3c.dir
      size: 66544770
      nfiles: 8
  notebook_fairlearn:
    cmd: jupyter nbconvert --to notebook --execute --inplace fairlearn.ipynb
    deps:
    - path: ../../deckard/attack/
      hash: md5
      md5: 74f3401d57fe94d4d8d5dcc909b24373.dir
      size: 248003
      nfiles: 20
    - path: ../../deckard/data/
      hash: md5
      md5: 2cbbf1333a77e6517d0be4b106202597.dir
      size: 346286
      nfiles: 35
    - path: ../../deckard/experiment/
      hash: md5
      md5: e4378334cf691bede9196cffbe13b1be.dir
      size: 406966
      nfiles: 17
    - path: ../../deckard/file.py
      hash: md5
      md5: 9be374f38e2282d5a3957376fdb8cbbb
      size: 14423
    - path: ../../deckard/model/
      hash: md5
      md5: a5a9e9a983968dd821e6af8789b9e5fd.dir
      size: 457705
      nfiles: 45
    - path: ../../deckard/plot/
      hash: md5
      md5: a0711f5f0f1a3e49b7afebaac2ae1901.dir
      size: 76013
      nfiles: 16
    - path: ../../deckard/score/
      hash: md5
      md5: 2b5f5f8c04dd1b7a089c980f9ce30700.dir
      size: 287295
      nfiles: 29
    - path: ../../deckard/utils.py
      hash: md5
      md5: 5a167a3cef6d1e312fe651de28cbe30b
      size: 58275
    - path: fairlearn.ipynb
      hash: md5
      md5: aca5f8fad14b7a580a975f7cdd2ec45d
      size: 119222
    outs:
    - path: ./build/fairlearn/torch_fair_data.pkl
      hash: md5
      md5: 613325a0f054f6e49c4231524d00ba74
      size: 10732
  notebook_anjana:
    cmd: jupyter nbconvert --to notebook --execute --inplace anjana.ipynb
    deps:
    - path: ../../deckard/attack/
      hash: md5
      md5: 74f3401d57fe94d4d8d5dcc909b24373.dir
      size: 248003
      nfiles: 20
    - path: ../../deckard/data/
      hash: md5
      md5: 2cbbf1333a77e6517d0be4b106202597.dir
      size: 346286
      nfiles: 35
    - path: ../../deckard/experiment/
      hash: md5
      md5: e4378334cf691bede9196cffbe13b1be.dir
      size: 406966
      nfiles: 17
    - path: ../../deckard/file.py
      hash: md5
      md5: 9be374f38e2282d5a3957376fdb8cbbb
      size: 14423
    - path: ../../deckard/model/
      hash: md5
      md5: a5a9e9a983968dd821e6af8789b9e5fd.dir
      size: 457705
      nfiles: 45
    - path: ../../deckard/plot/
      hash: md5
      md5: a0711f5f0f1a3e49b7afebaac2ae1901.dir
      size: 76013
      nfiles: 16
    - path: ../../deckard/score/
      hash: md5
      md5: 2b5f5f8c04dd1b7a089c980f9ce30700.dir
      size: 287295
      nfiles: 29
    - path: ../../deckard/utils.py
      hash: md5
      md5: 5a167a3cef6d1e312fe651de28cbe30b
      size: 58275
    - path: anjana.ipynb
      hash: md5
      md5: 9bbf002dc5ea24cf9580a3c3782404f8
      size: 278789
    outs:
    - path: ./build/anjana/anjana_attack_baseline.pkl
      hash: md5
      md5: 57f230972f782308e866d1c2d450ec2d
      size: 4288
    - path: ./build/anjana/anjana_attack_defended.pkl
      hash: md5
      md5: 2629ce225722d0282e00a1ecc950ff94
      size: 4288
    - path: ./build/anjana/anjana_baseline_data.pkl
      hash: md5
      md5: b00ce08afc792b05668e28b18cde3965
      size: 82601541
    - path: ./build/anjana/anjana_baseline_scores.csv
      hash: md5
      md5: b2806bccf8cdbd43bffaa7a707f3f8ed
      size: 894
    - path: ./build/anjana/anjana_baseline_sklearn_model.pkl
      hash: md5
      md5: 87c5a7d4f0a887cb2a2972aacb2cb427
      size: 1176492
    - path: ./build/anjana/anjana_data_scores_compare.csv
      hash: md5
      md5: 3bad0e964237cfa4beef528100f186e1
      size: 174
    - path: ./build/anjana/anjana_defended_data.pkl
      hash: md5
      md5: 36ff7b51d4050f52bc525f32dd469495
      size: 52522162
    - path: ./build/anjana/anjana_defended_scores.csv
      hash: md5
      md5: 9c9e936795ab062c0a21724549171db4
      size: 896
    - path: ./build/anjana/anjana_defended_sklearn_model.pkl
      hash: md5
      md5: 1d7c415b73fd596cfb181f63ba6cd5af
      size: 742612
    - path: ./build/anjana/baseline_experiment_data.pkl
      hash: md5
      md5: 9aca1d38714ed68f5234dec5e58494b2
      size: 82603692
    - path: ./build/anjana/baseline_experiment_model.pkl
      hash: md5
      md5: 4f4c66385402a9834d544e9c5ad222a8
      size: 1178211
    - path: ./build/anjana/baseline_experiment_scores.json
      hash: md5
      md5: 93bb5df9763222157be58ba7feddb9e9
      size: 10535
    - path: ./build/anjana/defended_experiment_data.pkl
      hash: md5
      md5: a94dc5fe63e623217580f2c242b8ded8
      size: 52524337
    - path: ./build/anjana/defended_experiment_scores.json
      hash: md5
      md5: 4f1a5b5025b411bf314d478944878be5
      size: 10540
    - path: ./build/anjana/plots/anjana_attack_compare_bar.png
      hash: md5
      md5: 65c7e89527e065809427d4c928fa2af2
      size: 29671
    - path: ./build/anjana/plots/anjana_data_compare_bar_side_by_side.png
      hash: md5
      md5: 28739e63f05ba34a1cecd6e38ab79f8f
      size: 41201
    - path: ./build/anjana/plots/anjana_data_scores_bar.png
      hash: md5
      md5: 19a5fe9f3f6b471ef325a1359d42dce6
      size: 19107
    - path: ./build/anjana/plots/anjana_yellowbrick_roc_auc.png
      hash: md5
      md5: ba1457c3ffec016ea1d608cb17e8b3b2
      size: 62532
  notebook_optuna:
    cmd: jupyter nbconvert --to notebook --execute --inplace optuna.ipynb
    deps:
    - path: ../../deckard/file.py
      hash: md5
      md5: 9be374f38e2282d5a3957376fdb8cbbb
      size: 14423
    - path: ../../deckard/layers/
      hash: md5
      md5: f006e67b34fd7a430532cbbfc0747b58.dir
      size: 286591
      nfiles: 28
    - path: ../../deckard/utils.py
      hash: md5
      md5: 4eebf604187602eeaa69707e18caa6f8
      size: 58813
    - path: optuna.ipynb
      hash: md5
      md5: c300128b159d086eddf22e530cdcb379
      size: 22519
    outs:
    - path: ./build/notebook_artifacts/optuna/db_summary.json
      hash: md5
      md5: 1ee92fb13f6114947336a20b79a22e2b
      size: 245
    - path: ./build/notebook_artifacts/optuna/multi_best_params.json
      hash: md5
      md5: a613ea1988c875b18819c892298545bb
      size: 58
    - path: ./build/notebook_artifacts/optuna/multi_study.pkl
      hash: md5
      md5: c3ce83b8565b12b7594f75de3654bd15
      size: 15441
    - path: ./build/notebook_artifacts/optuna/single_best_params.json
      hash: md5
      md5: a12dd8fd7ef3ce20771cbe5936526375
      size: 29
    - path: ./build/notebook_artifacts/optuna/single_study.pkl
      hash: md5
      md5: 5fb2fb09089d06bc10618fa6dd15552d
      size: 13427
  notebook_lifelines:
    cmd: jupyter nbconvert --to notebook --execute --inplace lifelines.ipynb
    deps:
    - path: ../../deckard/attack/
      hash: md5
      md5: 85bb29a75d75f7a55cfd2fab4c874169.dir
      size: 251762
      nfiles: 20
    - path: ../../deckard/data/
      hash: md5
      md5: 899a3354e417cec48f5c9ab3c24feccf.dir
      size: 352128
      nfiles: 35
    - path: ../../deckard/file.py
      hash: md5
      md5: 9be374f38e2282d5a3957376fdb8cbbb
      size: 14423
    - path: ../../deckard/utils.py
      hash: md5
      md5: 4eebf604187602eeaa69707e18caa6f8
      size: 58813
    - path: lifelines.ipynb
      hash: md5
      md5: 671723b1f7e590c6c76f19c3d42202e5
      size: 15903
    outs:
    - path: ./build/notebook_artifacts/lifelines/mode2_aux_metric.csv
      hash: md5
      md5: 24936b23b50b7165c9c1648fe0631893
      size: 891
    - path: ./build/notebook_artifacts/lifelines/mode3_aux_failure.csv
      hash: md5
      md5: 0be43233c0707fc8d606dc3cc1950936
      size: 273
    - path: ./build/notebook_artifacts/lifelines/summary.json
      hash: md5
      md5: f7738c536ee1af3f1ed46496dc0b6ec9
      size: 124
  notebook_artifacts:
    cmd: jupyter nbconvert --to notebook --execute --inplace artifacts.ipynb
    deps:
    - path: ../../deckard/attack/
      hash: md5
      md5: 74f3401d57fe94d4d8d5dcc909b24373.dir
      size: 248003
      nfiles: 20
    - path: ../../deckard/data/
      hash: md5
      md5: 2cbbf1333a77e6517d0be4b106202597.dir
      size: 346286
      nfiles: 35
    - path: ../../deckard/file.py
      hash: md5
      md5: 9be374f38e2282d5a3957376fdb8cbbb
      size: 14423
    - path: ../../deckard/model/
      hash: md5
      md5: a5a9e9a983968dd821e6af8789b9e5fd.dir
      size: 457705
      nfiles: 45
    - path: ../../deckard/plot/
      hash: md5
      md5: a0711f5f0f1a3e49b7afebaac2ae1901.dir
      size: 76013
      nfiles: 16
    - path: ../../deckard/utils.py
      hash: md5
      md5: 5a167a3cef6d1e312fe651de28cbe30b
      size: 58275
    - path: artifacts.ipynb
      hash: md5
      md5: ee48dc3c1912d5bad3432efeeb41a4bd
      size: 76234
    outs:
    - path: ./build/notebook_artifacts/signature_sync_demo/sklearn_estimator.pkl
      hash: md5
      md5: a3c4803c6128290221ca086e8894fea8
      size: 1702
    - path: 
        ./build/notebook_artifacts/signature_sync_demo/sklearn_modelconfig.pkl
      hash: md5
      md5: 7af8c452556f6098d347550c77eea094
      size: 3670
    - path: ./build/notebook_artifacts/torch/accuracy_clean_vs_adv.csv
      hash: md5
      md5: e8576d5b2839b7cd1a1a70c9fa798f4b
      size: 53
    - path: ./build/notebook_artifacts/torch/accuracy_clean_vs_adv.png
      hash: md5
      md5: 009ea0e96f766f22cb145451281b28dc
      size: 15559
    - path: ./build/notebook_artifacts/torch/attack.pkl
      hash: md5
      md5: dfeec135b8be77c6def960e7a68ff8cb
      size: 2746
    - path: ./build/notebook_artifacts/torch/data.pkl
      hash: md5
      md5: f97753efaf06743094da40d5c9eba415
      size: 59
    - path: ./build/notebook_artifacts/torch/pretrained_model.pt
      hash: md5
      md5: 05471d733c28e869633c2925834e6a22
      size: 5495
    - path: ./build/notebook_artifacts/torch/scores.json
      hash: md5
      md5: c7b4908db3d498039fe809dcd0a263a9
      size: 151
    - path: ./build/notebook_artifacts/torch/training_loss.csv
      hash: md5
      md5: fdf6ef97b2bc8d31d25cf0344556a926
      size: 439
    - path: ./build/notebook_artifacts/torch/training_loss.png
      hash: md5
      md5: fab47797060eb7302d7e32fdc663cc9f
      size: 26579
  notebook_scoring:
    cmd: jupyter nbconvert --to notebook --execute --inplace scoring.ipynb
    deps:
    - path: ../../deckard/artifacts.py
      hash: md5
      md5: be57bf43545987aeeb44624bf289fe0e
      size: 36713
    - path: ../../deckard/file.py
      hash: md5
      md5: 9be374f38e2282d5a3957376fdb8cbbb
      size: 14423
    - path: ../../deckard/score/
      hash: md5
      md5: dbf51708bda5220015c36be2edec9792.dir
      size: 292823
      nfiles: 29
    - path: ../../deckard/utils.py
      hash: md5
      md5: 4eebf604187602eeaa69707e18caa6f8
      size: 58813
    - path: scoring.ipynb
      hash: md5
      md5: 70d86ace6a77165425b139f8d507f6e0
      size: 15510
  notebook_dvc:
    cmd: jupyter nbconvert --to notebook --execute --inplace dvc.ipynb
    deps:
    - path: ../../deckard/experiment/
      hash: md5
      md5: d8dc208d91215aad89f5b4d5a328fed6.dir
      size: 410446
      nfiles: 17
    - path: ../../deckard/file.py
      hash: md5
      md5: 9be374f38e2282d5a3957376fdb8cbbb
      size: 14423
    - path: ../../deckard/layers/
      hash: md5
      md5: f006e67b34fd7a430532cbbfc0747b58.dir
      size: 286591
      nfiles: 28
    - path: ../../deckard/utils.py
      hash: md5
      md5: 4eebf604187602eeaa69707e18caa6f8
      size: 58813
    - path: ../../examples/sklearn/config/attack/hsj.yaml
      hash: md5
      md5: e000069b6669cec48836950f39ab22fb
      size: 231
    - path: ../../examples/sklearn/config/default.yaml
      hash: md5
      md5: b38d95025d639d92ad9f4bf62ac89361
      size: 1448
    - path: ../../examples/sklearn/config/defense/class-labels.yaml
      hash: md5
      md5: c62790939127fbe73e424df4769c17ad
      size: 158
    - path: ../../examples/sklearn/config/files/default.yaml
      hash: md5
      md5: a224e45f210ac531e33a2cbef22f0a95
      size: 143
    - path: ../../examples/sklearn/config/plot/
      hash: md5
      md5: 9958710858cda12b548fe5a5ce8751da.dir
      size: 1777
      nfiles: 28
    - path: dvc.ipynb
      hash: md5
      md5: 176b85d863fc1756112fd2d16ca73a85
      size: 7819
  notebook_optimize:
    cmd: jupyter nbconvert --to notebook --execute --inplace optimize.ipynb
    deps:
    - path: ../../deckard/experiment/
      hash: md5
      md5: 852dc1041b7b31fc1eaa4c062646b130.dir
      size: 353177
      nfiles: 15
    - path: ../../deckard/file.py
      hash: md5
      md5: ed5b8e05e4335875d2d4c9fae6bbbe1e
      size: 11194
    - path: ../../deckard/layers/
      hash: md5
      md5: 5ac397488552409ceea356a53f5c53ae.dir
      size: 256815
      nfiles: 24
    - path: ../../deckard/utils.py
      hash: md5
      md5: ad1c82ede7a441c015653e9f02dc49c1
      size: 53288
    - path: ../../examples/sklearn/config/
      hash: md5
      md5: a09d5d0a787a2cee14e9aff49a78174a.dir
      size: 48231
      nfiles: 148
    - path: optimize.ipynb
      hash: md5
      md5: 6d6d0fa777e00e8e536d4d4eea8b9a6b
      size: 465210
    outs:
    - path: ./build/optimize_notebook/multirun_params.yaml
      hash: md5
      md5: c3ed8308f7eab6faaf754ae5d586705a
      size: 166
    - path: ./build/optimize_notebook/run_params.yaml
      hash: md5
      md5: 989ebc34748f4c8f86a8eedc19d60432
      size: 154
  notebook_vega:
    cmd: jupyter nbconvert --to notebook --execute --inplace vega.ipynb
    deps:
    - path: ../../deckard/experiment/
      hash: md5
      md5: 6336cd715ae1ba323e9f1240315f18fc.dir
      size: 352080
      nfiles: 15
    - path: ../../deckard/file.py
      hash: md5
      md5: ed5b8e05e4335875d2d4c9fae6bbbe1e
      size: 11194
    - path: ../../deckard/layers/
      hash: md5
      md5: 5ac397488552409ceea356a53f5c53ae.dir
      size: 256815
      nfiles: 24
    - path: ../../deckard/utils.py
      hash: md5
      md5: ad1c82ede7a441c015653e9f02dc49c1
      size: 53288
    - path: ../../examples/sklearn/config/default.yaml
      hash: md5
      md5: 80af8c80e29778fb2a0b79a34bf5c354
      size: 1593
    - path: vega.ipynb
      hash: md5
      md5: 8edf45a88518c0ede7a929c36019d86f
      size: 23166
    outs:
    - path: ./build/vega_notebook/plots/adversarial_vs_benign_accuracy.vl.json
      hash: md5
      md5: 86f28e9098f828744bb313cdd75b0f42
      size: 2111
    - path: 
        ./build/vega_notebook/plots/attack_vs_defense_accuracy_heatmap.vl.json
      hash: md5
      md5: 9ad8fcb1b9cd47ec512d5d7c68f51da4
      size: 1407
    - path: 
        ./build/vega_notebook/plots/class_labels_apply_fit_vs_accuracy.vl.json
      hash: md5
      md5: c94a541afd8f2aa2c6368350de30651e
      size: 1375
    - path: ./build/vega_notebook/plots/covariance.vl.json
      hash: md5
      md5: 7764896c885e95090e7a5894f1d88ac7
      size: 706
    - path: ./build/vega_notebook/plots/epochs_vs_loss.vl.json
      hash: md5
      md5: c806240e58e264412240562887289f2c
      size: 1290
    - path: ./build/vega_notebook/plots/feature_importance.vl.json
      hash: md5
      md5: becb0c9fc966f8e1cf9c452a174c635d
      size: 844
    - path: ./build/vega_notebook/plots/hsj_max_iter_vs_accuracy.vl.json
      hash: md5
      md5: 2390ca467ebd1050089e44a23f958a2b
      size: 1331
    - path: ./build/vega_notebook/plots/roc_auc.vl.json
      hash: md5
      md5: d2a3e59273e7fe69d280a05f2e471cd9
      size: 985
  notebook_huggingface:
    cmd: jupyter nbconvert --to notebook --execute --inplace huggingface.ipynb
    deps:
    - path: ../../deckard/attack/
      hash: md5
      md5: 85bb29a75d75f7a55cfd2fab4c874169.dir
      size: 251762
      nfiles: 20
    - path: ../../deckard/data/
      hash: md5
      md5: 899a3354e417cec48f5c9ab3c24feccf.dir
      size: 352128
      nfiles: 35
    - path: ../../deckard/file.py
      hash: md5
      md5: 9be374f38e2282d5a3957376fdb8cbbb
      size: 14423
    - path: ../../deckard/frameworks/transformers/
      hash: md5
      md5: 32b9954a62a16f0ece4a387d319a18b7.dir
      size: 36115
      nfiles: 6
    - path: ../../deckard/model/
      hash: md5
      md5: 94be881a8ce9d7184a022e8ef8d1c7cd.dir
      size: 447723
      nfiles: 45
    - path: ../../deckard/utils.py
      hash: md5
      md5: 4eebf604187602eeaa69707e18caa6f8
      size: 58813
    - path: ../../examples/transformers/config/default.yaml
      hash: md5
      md5: c0b94f4c6933e36249949e17a4c72309
      size: 242
    - path: ../../examples/transformers/hf_task_datasets.py
      hash: md5
      md5: c082a8b23914c4588425f7033987b09c
      size: 10466
    - path: huggingface.ipynb
      hash: md5
      md5: d897c45693b15d78ed1e342e5c9cd158
      size: 344785
    outs:
    - path: ./build/huggingface/checkpoints/hf_model_state.pt
      hash: md5
      md5: 848ad43e6a3b3b0ef68c66f6d37bb1b9
      size: 267863473
    - path: ./build/huggingface/huggingface_results.csv
      hash: md5
      md5: b038e1a18b4f6ae6b2fb53f5f130eda2
      size: 224
    - path: ./build/huggingface/plots/huggingface_classification_report.png
      hash: md5
      md5: 963de3729cc2b9060f3c49c7464ddc19
      size: 22856
    - path: ./build/huggingface/plots/huggingface_line.png
      hash: md5
      md5: 0170f46d73ba769e89a38b14b19c52b7
      size: 59213
    - path: ./build/huggingface/plots/huggingface_scatter.png
      hash: md5
      md5: 89c8ad0c8c921c58d378c82a4c28ad5b
      size: 73960
